
Microsoft Visual Studio Solution File, Format Version 12.00
# Visual Studio Version 17
VisualStudioVersion = 17.4.33110.190
MinimumVisualStudioVersion = 10.0.40219.1
Project("{9A19103F-16F7-4668-BE54-9A1E7A4F7556}") = "BlackLink_Web_API", "BlackLink_Web_API\BlackLink_Web_API.csproj", "{EA8722FD-65D5-4B4C-B814-20F3A237B695}"
EndProject
Project("{2150E333-8FDC-42A3-9474-1A3956D46DE8}") = "Database", "Database", "{241BABF0-6533-455C-A4E3-9212A6E16552}"
EndProject
Project("{9A19103F-16F7-4668-BE54-9A1E7A4F7556}") = "BlackLink_Database", "BlackLink_Database\BlackLink_Database.csproj", "{C3BAB732-08A9-4965-91CF-B22D366B1E04}"
EndProject
Project("{9A19103F-16F7-4668-BE54-9A1E7A4F7556}") = "BlackLink_Models", "BlackLink_Models\BlackLink_Models.csproj", "{9573093A-A1B8-4D48-BCEC-07FA48D3153A}"
EndProject
Project("{2150E333-8FDC-42A3-9474-1A3956D46DE8}") = "DTO", "DTO", "{DEE75465-7823-44D9-B6EF-EE5053D85360}"
EndProject
Project("{9A19103F-16F7-4668-BE54-9A1E7A4F7556}") = "BlackLink_DTO", "BlackLink_DTO\BlackLink_DTO.csproj", "{6EC1DF44-9242-41F7-88B3-1FD72EBFC9C0}"
EndProject
Project("{2150E333-8FDC-42A3-9474-1A3956D46DE8}") = "Repositories", "Repositories", "{A27506E4-F98E-45F1-A2B2-88B07536FF73}"
EndProject
Project("{9A19103F-16F7-4668-BE54-9A1E7A4F7556}") = "BlackLink_Repository", "BlackLink_Repository\BlackLink_Repository.csproj", "{CA9E41FA-6A4A-4F0B-98ED-D469AF103A91}"
EndProject
Project("{2150E333-8FDC-42A3-9474-1A3956D46DE8}") = "Services", "Services", "{7B627AE1-ACCC-487D-82BE-D9FFFC1AB980}"
EndProject
Project("{2150E333-8FDC-42A3-9474-1A3956D46DE8}") = "SharedKernal", "SharedKernal", "{EA4A6EAB-6D6F-4A34-B661-52C94043208B}"
EndProject
Project("{9A19103F-16F7-4668-BE54-9A1E7A4F7556}") = "BlackLink_SharedKernal", "BlackLink_SharedKernal\BlackLink_SharedKernal.csproj", "{867B8011-5A08-43F9-853E-D0741785E6F2}"
EndProject
Project("{9A19103F-16F7-4668-BE54-9A1E7A4F7556}") = "BlackLink_Services", "BlackLink_Services\BlackLink_Services.csproj", "{1CC99C75-42B6-40BF-AAB7-396B380540FF}"
EndProject
Project("{2150E333-8FDC-42A3-9474-1A3956D46DE8}") = "Commneds", "Commneds", "{7CE10608-BEDD-4566-8712-C2C822AAA044}"
EndProject
Project("{FAE04EC0-301F-11D3-BF4B-00C04F79EFBC}") = "BlackLink_Commends", "BlackLink_Commends\BlackLink_Commends.csproj", "{6DD389ED-81E2-4B8E-8DCA-5DF841AFACD3}"
EndProject
Global
	GlobalSection(SolutionConfigurationPlatforms) = preSolution
		Debug|Any CPU = Debug|Any CPU
		Release|Any CPU = Release|Any CPU
	EndGlobalSection
	GlobalSection(ProjectConfigurationPlatforms) = postSolution
		{EA8722FD-65D5-4B4C-B814-20F3A237B695}.Debug|Any CPU.ActiveCfg = Debug|Any CPU
		{EA8722FD-65D5-4B4C-B814-20F3A237B695}.Debug|Any CPU.Build.0 = Debug|Any CPU
		{EA8722FD-65D5-4B4C-B814-20F3A237B695}.Release|Any CPU.ActiveCfg = Release|Any CPU
		{EA8722FD-65D5-4B4C-B814-20F3A237B695}.Release|Any CPU.Build.0 = Release|Any CPU
		{C3BAB732-08A9-4965-91CF-B22D366B1E04}.Debug|Any CPU.ActiveCfg = Debug|Any CPU
		{C3BAB732-08A9-4965-91CF-B22D366B1E04}.Debug|Any CPU.Build.0 = Debug|Any CPU
		{C3BAB732-08A9-4965-91CF-B22D366B1E04}.Release|Any CPU.ActiveCfg = Release|Any CPU
		{C3BAB732-08A9-4965-91CF-B22D366B1E04}.Release|Any CPU.Build.0 = Release|Any CPU
		{9573093A-A1B8-4D48-BCEC-07FA48D3153A}.Debug|Any CPU.ActiveCfg = Debug|Any CPU
		{9573093A-A1B8-4D48-BCEC-07FA48D3153A}.Debug|Any CPU.Build.0 = Debug|Any CPU
		{9573093A-A1B8-4D48-BCEC-07FA48D3153A}.Release|Any CPU.ActiveCfg = Release|Any CPU
		{9573093A-A1B8-4D48-BCEC-07FA48D3153A}.Release|Any CPU.Build.0 = Release|Any CPU
		{6EC1DF44-9242-41F7-88B3-1FD72EBFC9C0}.Debug|Any CPU.ActiveCfg = Debug|Any CPU
		{6EC1DF44-9242-41F7-88B3-1FD72EBFC9C0}.Debug|Any CPU.Build.0 = Debug|Any CPU
		{6EC1DF44-9242-41F7-88B3-1FD72EBFC9C0}.Release|Any CPU.ActiveCfg = Release|Any CPU
		{6EC1DF44-9242-41F7-88B3-1FD72EBFC9C0}.Release|Any CPU.Build.0 = Release|Any CPU
		{CA9E41FA-6A4A-4F0B-98ED-D469AF103A91}.Debug|Any CPU.ActiveCfg = Debug|Any CPU
		{CA9E41FA-6A4A-4F0B-98ED-D469AF103A91}.Debug|Any CPU.Build.0 = Debug|Any CPU
		{CA9E41FA-6A4A-4F0B-98ED-D469AF103A91}.Release|Any CPU.ActiveCfg = Release|Any CPU
		{CA9E41FA-6A4A-4F0B-98ED-D469AF103A91}.Release|Any CPU.Build.0 = Release|Any CPU
		{867B8011-5A08-43F9-853E-D0741785E6F2}.Debug|Any CPU.ActiveCfg = Debug|Any CPU
		{867B8011-5A08-43F9-853E-D0741785E6F2}.Debug|Any CPU.Build.0 = Debug|Any CPU
		{867B8011-5A08-43F9-853E-D0741785E6F2}.Release|Any CPU.ActiveCfg = Release|Any CPU
		{867B8011-5A08-43F9-853E-D0741785E6F2}.Release|Any CPU.Build.0 = Release|Any CPU
		{1CC99C75-42B6-40BF-AAB7-396B380540FF}.Debug|Any CPU.ActiveCfg = Debug|Any CPU
		{1CC99C75-42B6-40BF-AAB7-396B380540FF}.Debug|Any CPU.Build.0 = Debug|Any CPU
		{1CC99C75-42B6-40BF-AAB7-396B380540FF}.Release|Any CPU.ActiveCfg = Release|Any CPU
		{1CC99C75-42B6-40BF-AAB7-396B380540FF}.Release|Any CPU.Build.0 = Release|Any CPU
		{6DD389ED-81E2-4B8E-8DCA-5DF841AFACD3}.Debug|Any CPU.ActiveCfg = Debug|Any CPU
		{6DD389ED-81E2-4B8E-8DCA-5DF841AFACD3}.Debug|Any CPU.Build.0 = Debug|Any CPU
		{6DD389ED-81E2-4B8E-8DCA-5DF841AFACD3}.Release|Any CPU.ActiveCfg = Release|Any CPU
		{6DD389ED-81E2-4B8E-8DCA-5DF841AFACD3}.Release|Any CPU.Build.0 = Release|Any CPU
	EndGlobalSection
	GlobalSection(SolutionProperties) = preSolution
		HideSolutionNode = FALSE
	EndGlobalSection
	GlobalSection(NestedProjects) = preSolution
		{C3BAB732-08A9-4965-91CF-B22D366B1E04} = {241BABF0-6533-455C-A4E3-9212A6E16552}
		{9573093A-A1B8-4D48-BCEC-07FA48D3153A} = {241BABF0-6533-455C-A4E3-9212A6E16552}
		{6EC1DF44-9242-41F7-88B3-1FD72EBFC9C0} = {DEE75465-7823-44D9-B6EF-EE5053D85360}
		{CA9E41FA-6A4A-4F0B-98ED-D469AF103A91} = {A27506E4-F98E-45F1-A2B2-88B07536FF73}
		{867B8011-5A08-43F9-853E-D0741785E6F2} = {EA4A6EAB-6D6F-4A34-B661-52C94043208B}
		{1CC99C75-42B6-40BF-AAB7-396B380540FF} = {7B627AE1-ACCC-487D-82BE-D9FFFC1AB980}
		{6DD389ED-81E2-4B8E-8DCA-5DF841AFACD3} = {7CE10608-BEDD-4566-8712-C2C822AAA044}
	EndGlobalSection
	GlobalSection(ExtensibilityGlobals) = postSolution
		SolutionGuid = {5743C074-1E59-427D-B212-056C56278B61}
	EndGlobalSection
EndGlobal
